
Microsoft Visual Studio Solution File, Format Version 12.00
# Visual Studio 2012
Project("{FAE04EC0-301F-11D3-BF4B-00C04F79EFBC}") = "EfCrutches", "EfCrutches\EfCrutches.csproj", "{DAF54C6C-EA53-4CE2-A2B1-86231F630F1C}"
EndProject
Project("{FAE04EC0-301F-11D3-BF4B-00C04F79EFBC}") = "Linq2Sql", "Linq2Sql\Linq2Sql.csproj", "{2688147E-6A53-4655-9104-608899226907}"
EndProject
Global
	GlobalSection(SolutionConfigurationPlatforms) = preSolution
		Debug|Any CPU = Debug|Any CPU
		Release|Any CPU = Release|Any CPU
	EndGlobalSection
	GlobalSection(ProjectConfigurationPlatforms) = postSolution
		{DAF54C6C-EA53-4CE2-A2B1-86231F630F1C}.Debug|Any CPU.ActiveCfg = Debug|Any CPU
		{DAF54C6C-EA53-4CE2-A2B1-86231F630F1C}.Debug|Any CPU.Build.0 = Debug|Any CPU
		{DAF54C6C-EA53-4CE2-A2B1-86231F630F1C}.Release|Any CPU.ActiveCfg = Release|Any CPU
		{DAF54C6C-EA53-4CE2-A2B1-86231F630F1C}.Release|Any CPU.Build.0 = Release|Any CPU
		{2688147E-6A53-4655-9104-608899226907}.Debug|Any CPU.ActiveCfg = Debug|Any CPU
		{2688147E-6A53-4655-9104-608899226907}.Debug|Any CPU.Build.0 = Debug|Any CPU
		{2688147E-6A53-4655-9104-608899226907}.Release|Any CPU.ActiveCfg = Release|Any CPU
		{2688147E-6A53-4655-9104-608899226907}.Release|Any CPU.Build.0 = Release|Any CPU
	EndGlobalSection
	GlobalSection(SolutionProperties) = preSolution
		HideSolutionNode = FALSE
	EndGlobalSection
EndGlobal
